{
  "name": "cachy-app",
  "version": "0.94.3",
  "lockfileVersion": 3,
  "requires": true,
  "packages": {
    "": {
      "dependencies": {
        "@floating-ui/dom": "^1.7.4",
        "@google/generative-ai": "^0.24.1",
        "chart.js": "^4.5.1",
        "chartjs-plugin-annotation": "^3.1.0",
        "chartjs-plugin-datalabels": "^2.2.0",
        "chartjs-plugin-zoom": "^2.2.0",
        "crypto-js": "^4.2.0",
        "decimal.js": "^10.6.0",
        "dompurify": "^3.2.7",
        "lodash-es": "^4.17.21",
        "spacetimedb": "^1.11.4",
        "undici": "^6.23.0"
      }
    },
    "node_modules/@floating-ui/core": {
      "version": "1.7.3",
      "resolved": "https://registry.npmjs.org/@floating-ui/core/-/core-1.7.3.tgz",
      "integrity": "sha512-sGnvb5dmrJaKEZ+LDIpguvdX3bDlEllmv4/ClQ9awcmCZrlx5jQyyMWFM5kBI+EyNOCDDiKk8il0zeuX3Zlg/w==",
      "license": "MIT",
      "dependencies": {
        "@floating-ui/utils": "^0.2.10"
      }
    },
    "node_modules/@floating-ui/dom": {
      "version": "1.7.4",
      "resolved": "https://registry.npmjs.org/@floating-ui/dom/-/dom-1.7.4.tgz",
      "integrity": "sha512-OOchDgh4F2CchOX94cRVqhvy7b3AFb+/rQXyswmzmGakRfkMgoWVjfnLWkRirfLEfuD4ysVW16eXzwt3jHIzKA==",
      "license": "MIT",
      "dependencies": {
        "@floating-ui/core": "^1.7.3",
        "@floating-ui/utils": "^0.2.10"
      }
    },
    "node_modules/@floating-ui/utils": {
      "version": "0.2.10",
      "resolved": "https://registry.npmjs.org/@floating-ui/utils/-/utils-0.2.10.tgz",
      "integrity": "sha512-aGTxbpbg8/b5JfU1HXSrbH3wXZuLPJcNEcZQFMxLs3oSzgtVu6nFPkbbGGUvBcUjKV2YyB9Wxxabo+HEH9tcRQ==",
      "license": "MIT"
    },
    "node_modules/@google/generative-ai": {
      "version": "0.24.1",
      "resolved": "https://registry.npmjs.org/@google/generative-ai/-/generative-ai-0.24.1.tgz",
      "integrity": "sha512-MqO+MLfM6kjxcKoy0p1wRzG3b4ZZXtPI+z2IE26UogS2Cm/XHO+7gGRBh6gcJsOiIVoH93UwKvW4HdgiOZCy9Q==",
      "license": "Apache-2.0",
      "engines": {
        "node": ">=18.0.0"
      }
    },
    "node_modules/@kurkle/color": {
      "version": "0.3.4",
      "resolved": "https://registry.npmjs.org/@kurkle/color/-/color-0.3.4.tgz",
      "integrity": "sha512-M5UknZPHRu3DEDWoipU6sE8PdkZ6Z/S+v4dD+Ke8IaNlpdSQah50lz1KtcFBa2vsdOnwbbnxJwVM4wty6udA5w==",
      "license": "MIT"
    },
    "node_modules/@types/hammerjs": {
      "version": "2.0.46",
      "resolved": "https://registry.npmjs.org/@types/hammerjs/-/hammerjs-2.0.46.tgz",
      "integrity": "sha512-ynRvcq6wvqexJ9brDMS4BnBLzmr0e14d6ZJTEShTBWKymQiHwlAyGu0ZPEFI2Fh1U53F7tN9ufClWM5KvqkKOw==",
      "license": "MIT"
    },
    "node_modules/@types/trusted-types": {
      "version": "2.0.7",
      "resolved": "https://registry.npmjs.org/@types/trusted-types/-/trusted-types-2.0.7.tgz",
      "integrity": "sha512-ScaPdn1dQczgbl0QFTeTOmVHFULt394XJgOQNoyVhZ6r2vLnMLJfBPd53SB52T/3G36VI1/g2MZaX0cwDuXsfw==",
      "license": "MIT",
      "optional": true
    },
    "node_modules/base64-js": {
      "version": "1.5.1",
      "resolved": "https://registry.npmjs.org/base64-js/-/base64-js-1.5.1.tgz",
      "integrity": "sha512-AKpaYlHn8t4SVbOHCy+b5+KKgvR4vrsD8vbvrbiQJps7fKDTkjkDry6ji0rUJjC0kzbNePLwzxq8iypo41qeWA==",
      "funding": [
        {
          "type": "github",
          "url": "https://github.com/sponsors/feross"
        },
        {
          "type": "patreon",
          "url": "https://www.patreon.com/feross"
        },
        {
          "type": "consulting",
          "url": "https://feross.org/support"
        }
      ],
      "license": "MIT"
    },
    "node_modules/chart.js": {
      "version": "4.5.1",
      "resolved": "https://registry.npmjs.org/chart.js/-/chart.js-4.5.1.tgz",
      "integrity": "sha512-GIjfiT9dbmHRiYi6Nl2yFCq7kkwdkp1W/lp2J99rX0yo9tgJGn3lKQATztIjb5tVtevcBtIdICNWqlq5+E8/Pw==",
      "license": "MIT",
      "dependencies": {
        "@kurkle/color": "^0.3.0"
      },
      "engines": {
        "pnpm": ">=8"
      }
    },
    "node_modules/chartjs-plugin-annotation": {
      "version": "3.1.0",
      "resolved": "https://registry.npmjs.org/chartjs-plugin-annotation/-/chartjs-plugin-annotation-3.1.0.tgz",
      "integrity": "sha512-EkAed6/ycXD/7n0ShrlT1T2Hm3acnbFhgkIEJLa0X+M6S16x0zwj1Fv4suv/2bwayCT3jGPdAtI9uLcAMToaQQ==",
      "license": "MIT",
      "peerDependencies": {
        "chart.js": ">=4.0.0"
      }
    },
    "node_modules/chartjs-plugin-datalabels": {
      "version": "2.2.0",
      "resolved": "https://registry.npmjs.org/chartjs-plugin-datalabels/-/chartjs-plugin-datalabels-2.2.0.tgz",
      "integrity": "sha512-14ZU30lH7n89oq+A4bWaJPnAG8a7ZTk7dKf48YAzMvJjQtjrgg5Dpk9f+LbjCF6bpx3RAGTeL13IXpKQYyRvlw==",
      "license": "MIT",
      "peerDependencies": {
        "chart.js": ">=3.0.0"
      }
    },
    "node_modules/chartjs-plugin-zoom": {
      "version": "2.2.0",
      "resolved": "https://registry.npmjs.org/chartjs-plugin-zoom/-/chartjs-plugin-zoom-2.2.0.tgz",
      "integrity": "sha512-in6kcdiTlP6npIVLMd4zXZ08PDUXC52gZ4FAy5oyjk1zX3gKarXMAof7B9eFiisf9WOC3bh2saHg+J5WtLXZeA==",
      "license": "MIT",
      "dependencies": {
        "@types/hammerjs": "^2.0.45",
        "hammerjs": "^2.0.8"
      },
      "peerDependencies": {
        "chart.js": ">=3.2.0"
      }
    },
    "node_modules/crypto-js": {
      "version": "4.2.0",
      "resolved": "https://registry.npmjs.org/crypto-js/-/crypto-js-4.2.0.tgz",
      "integrity": "sha512-KALDyEYgpY+Rlob/iriUtjV6d5Eq+Y191A5g4UqLAi8CyGP9N1+FdVbkc1SxKc2r4YAYqG8JzO2KGL+AizD70Q==",
      "license": "MIT"
    },
    "node_modules/decimal.js": {
      "version": "10.6.0",
      "resolved": "https://registry.npmjs.org/decimal.js/-/decimal.js-10.6.0.tgz",
      "integrity": "sha512-YpgQiITW3JXGntzdUmyUR1V812Hn8T1YVXhCu+wO3OpS4eU9l4YdD3qjyiKdV6mvV29zapkMeD390UVEf2lkUg==",
      "license": "MIT"
    },
    "node_modules/dompurify": {
      "version": "3.3.1",
      "resolved": "https://registry.npmjs.org/dompurify/-/dompurify-3.3.1.tgz",
      "integrity": "sha512-qkdCKzLNtrgPFP1Vo+98FRzJnBRGe4ffyCea9IwHB1fyxPOeNTHpLKYGd4Uk9xvNoH0ZoOjwZxNptyMwqrId1Q==",
      "license": "(MPL-2.0 OR Apache-2.0)",
      "optionalDependencies": {
        "@types/trusted-types": "^2.0.7"
      }
    },
    "node_modules/fast-text-encoding": {
      "version": "1.0.6",
      "resolved": "https://registry.npmjs.org/fast-text-encoding/-/fast-text-encoding-1.0.6.tgz",
      "integrity": "sha512-VhXlQgj9ioXCqGstD37E/HBeqEGV/qOD/kmbVG8h5xKBYvM1L3lR1Zn4555cQ8GkYbJa8aJSipLPndE1k6zK2w==",
      "license": "Apache-2.0"
    },
    "node_modules/hammerjs": {
      "version": "2.0.8",
      "resolved": "https://registry.npmjs.org/hammerjs/-/hammerjs-2.0.8.tgz",
      "integrity": "sha512-tSQXBXS/MWQOn/RKckawJ61vvsDpCom87JgxiYdGwHdOa0ht0vzUWDlfioofFCRU0L+6NGDt6XzbgoJvZkMeRQ==",
      "license": "MIT",
      "engines": {
        "node": ">=0.8.0"
      }
    },
    "node_modules/headers-polyfill": {
      "version": "4.0.3",
      "resolved": "https://registry.npmjs.org/headers-polyfill/-/headers-polyfill-4.0.3.tgz",
      "integrity": "sha512-IScLbePpkvO846sIwOtOTDjutRMWdXdJmXdMvk6gCBHxFO8d+QKOQedyZSxFTTFYRSmlgSTDtXqqq4pcenBXLQ==",
      "license": "MIT"
    },
    "node_modules/lodash-es": {
      "version": "4.17.23",
      "resolved": "https://registry.npmjs.org/lodash-es/-/lodash-es-4.17.23.tgz",
      "integrity": "sha512-kVI48u3PZr38HdYz98UmfPnXl2DXrpdctLrFLCd3kOx1xUkOmpFPx7gCWWM5MPkL/fD8zb+Ph0QzjGFs4+hHWg==",
      "license": "MIT"
    },
    "node_modules/prettier": {
      "version": "3.7.4",
      "resolved": "https://registry.npmjs.org/prettier/-/prettier-3.7.4.tgz",
      "integrity": "sha512-v6UNi1+3hSlVvv8fSaoUbggEM5VErKmmpGA7Pl3HF8V6uKY7rvClBOJlH6yNwQtfTueNkGVpOv/mtWL9L4bgRA==",
      "license": "MIT",
      "bin": {
        "prettier": "bin/prettier.cjs"
      },
      "engines": {
        "node": ">=14"
      },
      "funding": {
        "url": "https://github.com/prettier/prettier?sponsor=1"
      }
    },
    "node_modules/spacetimedb": {
      "version": "1.11.4",
      "resolved": "https://registry.npmjs.org/spacetimedb/-/spacetimedb-1.11.4.tgz",
      "integrity": "sha512-Xcb42UH2dAysThPrCUARTDxeeJWAf6QrJThS89LigegLmjFd1/KvJ9k/yMrXz75JdSlJZhFvttjKZff3CakqRQ==",
      "license": "ISC",
      "dependencies": {
        "base64-js": "^1.5.1",
        "fast-text-encoding": "^1.0.0",
        "headers-polyfill": "^4.0.3",
        "prettier": "^3.3.3",
        "statuses": "^2.0.2",
        "url-polyfill": "^1.1.14"
      },
      "peerDependencies": {
        "react": "^18.0.0 || ^19.0.0-0 || ^19.0.0",
        "undici": "^6.19.2"
      },
      "peerDependenciesMeta": {
        "react": {
          "optional": true
        },
        "undici": {
          "optional": true
        }
      }
    },
    "node_modules/statuses": {
      "version": "2.0.2",
      "resolved": "https://registry.npmjs.org/statuses/-/statuses-2.0.2.tgz",
      "integrity": "sha512-DvEy55V3DB7uknRo+4iOGT5fP1slR8wQohVdknigZPMpMstaKJQWhwiYBACJE3Ul2pTnATihhBYnRhZQHGBiRw==",
      "license": "MIT",
      "engines": {
        "node": ">= 0.8"
      }
    },
    "node_modules/undici": {
      "version": "6.23.0",
      "resolved": "https://registry.npmjs.org/undici/-/undici-6.23.0.tgz",
      "integrity": "sha512-VfQPToRA5FZs/qJxLIinmU59u0r7LXqoJkCzinq3ckNJp3vKEh7jTWN589YQ5+aoAC/TGRLyJLCPKcLQbM8r9g==",
      "license": "MIT",
      "engines": {
        "node": ">=18.17"
      }
    },
    "node_modules/url-polyfill": {
      "version": "1.1.14",
      "resolved": "https://registry.npmjs.org/url-polyfill/-/url-polyfill-1.1.14.tgz",
      "integrity": "sha512-p4f3TTAG6ADVF3mwbXw7hGw+QJyw5CnNGvYh5fCuQQZIiuKUswqcznyV3pGDP9j0TSmC4UvRKm8kl1QsX1diiQ==",
      "license": "MIT"
    }
  }
}
